
Microsoft Visual Studio Solution File, Format Version 12.00
# Visual Studio 14
VisualStudioVersion = 14.0.25420.1
MinimumVisualStudioVersion = 10.0.40219.1
Project("{8BC9CEB8-8B4A-11D0-8D11-00A0C91BC942}") = "MatrixMultiplication", "MatrixMultiplication\MatrixMultiplication.vcxproj", "{73E2D04A-AB48-446C-BC83-DCD0D42C7E90}"
EndProject
Project("{8BC9CEB8-8B4A-11D0-8D11-00A0C91BC942}") = "FloydAlgorithm", "FloydAlgorithm\FloydAlgorithm.vcxproj", "{F88E3216-D605-4683-AF5A-6B00BD3634C5}"
EndProject
Project("{8BC9CEB8-8B4A-11D0-8D11-00A0C91BC942}") = "ChainedMatrixMultiplication", "ChainedMatrixMultiplication\ChainedMatrixMultiplication.vcxproj", "{A2E4BE42-F536-4646-A82D-B53C5CD9C6D1}"
EndProject
Project("{8BC9CEB8-8B4A-11D0-8D11-00A0C91BC942}") = "OptimalBinarySearchTree", "OptimalBinarySearchTree\OptimalBinarySearchTree.vcxproj", "{901F4758-356A-4A72-AD80-1F7599753403}"
EndProject
Project("{8BC9CEB8-8B4A-11D0-8D11-00A0C91BC942}") = "binomial", "binomial\binomial.vcxproj", "{C1562024-5221-45A9-9EF6-03271C597774}"
EndProject
Project("{8BC9CEB8-8B4A-11D0-8D11-00A0C91BC942}") = "Kruskal(dataStructure1)", "Kruskal\Kruskal.vcxproj", "{B0D1B51E-D91C-4734-8CE7-28D383032354}"
EndProject
Project("{8BC9CEB8-8B4A-11D0-8D11-00A0C91BC942}") = "Kruskal(dataStructure2)", "Kruskal(dataStructure2)\Kruskal(dataStructure2).vcxproj", "{4A02F357-83E6-46E6-8427-990572989BBA}"
EndProject
Project("{8BC9CEB8-8B4A-11D0-8D11-00A0C91BC942}") = "Fibonacci(notUseArray)", "Fibonacci(notUseArray)\Fibonacci(notUseArray).vcxproj", "{7376EDA4-EB69-4934-8081-C3175626784A}"
EndProject
Project("{8BC9CEB8-8B4A-11D0-8D11-00A0C91BC942}") = "SumOfSubset(용준)", "SumOfSubset\SumOfSubset.vcxproj", "{762742B4-9189-4D16-AB3B-C79A57E88629}"
EndProject
Project("{8BC9CEB8-8B4A-11D0-8D11-00A0C91BC942}") = "Prim", "Prim\Prim.vcxproj", "{EEB956C0-0F4D-4392-BBCE-DF4EF5B01A24}"
EndProject
Project("{8BC9CEB8-8B4A-11D0-8D11-00A0C91BC942}") = "Dijkstra", "Dijkstra\Dijkstra.vcxproj", "{AAAB233F-D039-4D42-96A9-10648A011401}"
EndProject
Project("{8BC9CEB8-8B4A-11D0-8D11-00A0C91BC942}") = "stlVectorExercise", "stlVectorExercise\stlVectorExercise.vcxproj", "{F1426DE0-B14E-4215-A816-798E3389E9CD}"
EndProject
Project("{8BC9CEB8-8B4A-11D0-8D11-00A0C91BC942}") = "SumOfSubset", "SumOfSubset2\SumOfSubset2.vcxproj", "{6F415196-FFC7-4F71-A633-77E49D34B765}"
EndProject
Project("{8BC9CEB8-8B4A-11D0-8D11-00A0C91BC942}") = "GraphColoring", "GraphColoring\GraphColoring.vcxproj", "{EF4EDB3F-47BE-4FCB-8984-C348939E7706}"
EndProject
Project("{8BC9CEB8-8B4A-11D0-8D11-00A0C91BC942}") = "changeProblem", "changeProblem\changeProblem.vcxproj", "{27CA0DC6-9884-49B7-8F71-4B94ABB8CAE6}"
EndProject
Project("{8BC9CEB8-8B4A-11D0-8D11-00A0C91BC942}") = "knapsackByDp", "knapsackByDp\knapsackByDp.vcxproj", "{3870F5C0-AB5A-49ED-AA22-0855FFE23F41}"
EndProject
Project("{8BC9CEB8-8B4A-11D0-8D11-00A0C91BC942}") = "knapsackByRecursion", "knapsackByRecursion\knapsackByRecursion.vcxproj", "{57A6F3B4-B16F-485F-A7F7-D7D999866FC1}"
EndProject
Project("{8BC9CEB8-8B4A-11D0-8D11-00A0C91BC942}") = "nQueens", "nQueens\nQueens.vcxproj", "{2EC537BC-785E-4FF0-8083-7E3AD6CA41AC}"
EndProject
Project("{8BC9CEB8-8B4A-11D0-8D11-00A0C91BC942}") = "monteCarlo to nQueens", "monteCarlo to nQueens\monteCarlo to nQueens.vcxproj", "{8CDA7F97-4D39-4E8C-9049-0313117AAC18}"
EndProject
Project("{8BC9CEB8-8B4A-11D0-8D11-00A0C91BC942}") = "monteCarlo to nQueens version2(return colArray)", "monteCarlo to nQueens version2(return colArray)\monteCarlo to nQueens version2(return colArray).vcxproj", "{D21CDDDF-B810-4CC0-9616-5F48BE1029C2}"
EndProject
Project("{8BC9CEB8-8B4A-11D0-8D11-00A0C91BC942}") = "hamiltonianCircuits", "hamiltonianCircuits\hamiltonianCircuits.vcxproj", "{A35A1E1A-1D98-4856-BB2C-D6545B2AE68D}"
EndProject
Project("{8BC9CEB8-8B4A-11D0-8D11-00A0C91BC942}") = "0-1knapsack version1 by backtracking", "0-1knapsack version1 by backtracking\0-1knapsack version1 by backtracking.vcxproj", "{AB710B2A-618D-45CF-BD42-59AF7FA174F8}"
EndProject
Project("{8BC9CEB8-8B4A-11D0-8D11-00A0C91BC942}") = "0-1 knapsack version2 by bfs", "0-1 knapsack version2 by bfs\0-1 knapsack version2 by bfs.vcxproj", "{6DAAD773-2C69-4C27-9A57-15D3EE116B41}"
EndProject
Global
	GlobalSection(SolutionConfigurationPlatforms) = preSolution
		Debug|x64 = Debug|x64
		Debug|x86 = Debug|x86
		Release|x64 = Release|x64
		Release|x86 = Release|x86
	EndGlobalSection
	GlobalSection(ProjectConfigurationPlatforms) = postSolution
		{73E2D04A-AB48-446C-BC83-DCD0D42C7E90}.Debug|x64.ActiveCfg = Debug|x64
		{73E2D04A-AB48-446C-BC83-DCD0D42C7E90}.Debug|x64.Build.0 = Debug|x64
		{73E2D04A-AB48-446C-BC83-DCD0D42C7E90}.Debug|x86.ActiveCfg = Debug|Win32
		{73E2D04A-AB48-446C-BC83-DCD0D42C7E90}.Debug|x86.Build.0 = Debug|Win32
		{73E2D04A-AB48-446C-BC83-DCD0D42C7E90}.Release|x64.ActiveCfg = Release|x64
		{73E2D04A-AB48-446C-BC83-DCD0D42C7E90}.Release|x64.Build.0 = Release|x64
		{73E2D04A-AB48-446C-BC83-DCD0D42C7E90}.Release|x86.ActiveCfg = Release|Win32
		{73E2D04A-AB48-446C-BC83-DCD0D42C7E90}.Release|x86.Build.0 = Release|Win32
		{F88E3216-D605-4683-AF5A-6B00BD3634C5}.Debug|x64.ActiveCfg = Debug|x64
		{F88E3216-D605-4683-AF5A-6B00BD3634C5}.Debug|x64.Build.0 = Debug|x64
		{F88E3216-D605-4683-AF5A-6B00BD3634C5}.Debug|x86.ActiveCfg = Debug|Win32
		{F88E3216-D605-4683-AF5A-6B00BD3634C5}.Debug|x86.Build.0 = Debug|Win32
		{F88E3216-D605-4683-AF5A-6B00BD3634C5}.Release|x64.ActiveCfg = Release|x64
		{F88E3216-D605-4683-AF5A-6B00BD3634C5}.Release|x64.Build.0 = Release|x64
		{F88E3216-D605-4683-AF5A-6B00BD3634C5}.Release|x86.ActiveCfg = Release|Win32
		{F88E3216-D605-4683-AF5A-6B00BD3634C5}.Release|x86.Build.0 = Release|Win32
		{A2E4BE42-F536-4646-A82D-B53C5CD9C6D1}.Debug|x64.ActiveCfg = Debug|x64
		{A2E4BE42-F536-4646-A82D-B53C5CD9C6D1}.Debug|x64.Build.0 = Debug|x64
		{A2E4BE42-F536-4646-A82D-B53C5CD9C6D1}.Debug|x86.ActiveCfg = Debug|Win32
		{A2E4BE42-F536-4646-A82D-B53C5CD9C6D1}.Debug|x86.Build.0 = Debug|Win32
		{A2E4BE42-F536-4646-A82D-B53C5CD9C6D1}.Release|x64.ActiveCfg = Release|x64
		{A2E4BE42-F536-4646-A82D-B53C5CD9C6D1}.Release|x64.Build.0 = Release|x64
		{A2E4BE42-F536-4646-A82D-B53C5CD9C6D1}.Release|x86.ActiveCfg = Release|Win32
		{A2E4BE42-F536-4646-A82D-B53C5CD9C6D1}.Release|x86.Build.0 = Release|Win32
		{901F4758-356A-4A72-AD80-1F7599753403}.Debug|x64.ActiveCfg = Debug|x64
		{901F4758-356A-4A72-AD80-1F7599753403}.Debug|x64.Build.0 = Debug|x64
		{901F4758-356A-4A72-AD80-1F7599753403}.Debug|x86.ActiveCfg = Debug|Win32
		{901F4758-356A-4A72-AD80-1F7599753403}.Debug|x86.Build.0 = Debug|Win32
		{901F4758-356A-4A72-AD80-1F7599753403}.Release|x64.ActiveCfg = Release|x64
		{901F4758-356A-4A72-AD80-1F7599753403}.Release|x64.Build.0 = Release|x64
		{901F4758-356A-4A72-AD80-1F7599753403}.Release|x86.ActiveCfg = Release|Win32
		{901F4758-356A-4A72-AD80-1F7599753403}.Release|x86.Build.0 = Release|Win32
		{C1562024-5221-45A9-9EF6-03271C597774}.Debug|x64.ActiveCfg = Debug|x64
		{C1562024-5221-45A9-9EF6-03271C597774}.Debug|x64.Build.0 = Debug|x64
		{C1562024-5221-45A9-9EF6-03271C597774}.Debug|x86.ActiveCfg = Debug|Win32
		{C1562024-5221-45A9-9EF6-03271C597774}.Debug|x86.Build.0 = Debug|Win32
		{C1562024-5221-45A9-9EF6-03271C597774}.Release|x64.ActiveCfg = Release|x64
		{C1562024-5221-45A9-9EF6-03271C597774}.Release|x64.Build.0 = Release|x64
		{C1562024-5221-45A9-9EF6-03271C597774}.Release|x86.ActiveCfg = Release|Win32
		{C1562024-5221-45A9-9EF6-03271C597774}.Release|x86.Build.0 = Release|Win32
		{B0D1B51E-D91C-4734-8CE7-28D383032354}.Debug|x64.ActiveCfg = Debug|x64
		{B0D1B51E-D91C-4734-8CE7-28D383032354}.Debug|x64.Build.0 = Debug|x64
		{B0D1B51E-D91C-4734-8CE7-28D383032354}.Debug|x86.ActiveCfg = Debug|Win32
		{B0D1B51E-D91C-4734-8CE7-28D383032354}.Debug|x86.Build.0 = Debug|Win32
		{B0D1B51E-D91C-4734-8CE7-28D383032354}.Release|x64.ActiveCfg = Release|x64
		{B0D1B51E-D91C-4734-8CE7-28D383032354}.Release|x64.Build.0 = Release|x64
		{B0D1B51E-D91C-4734-8CE7-28D383032354}.Release|x86.ActiveCfg = Release|Win32
		{B0D1B51E-D91C-4734-8CE7-28D383032354}.Release|x86.Build.0 = Release|Win32
		{4A02F357-83E6-46E6-8427-990572989BBA}.Debug|x64.ActiveCfg = Debug|x64
		{4A02F357-83E6-46E6-8427-990572989BBA}.Debug|x64.Build.0 = Debug|x64
		{4A02F357-83E6-46E6-8427-990572989BBA}.Debug|x86.ActiveCfg = Debug|Win32
		{4A02F357-83E6-46E6-8427-990572989BBA}.Debug|x86.Build.0 = Debug|Win32
		{4A02F357-83E6-46E6-8427-990572989BBA}.Release|x64.ActiveCfg = Release|x64
		{4A02F357-83E6-46E6-8427-990572989BBA}.Release|x64.Build.0 = Release|x64
		{4A02F357-83E6-46E6-8427-990572989BBA}.Release|x86.ActiveCfg = Release|Win32
		{4A02F357-83E6-46E6-8427-990572989BBA}.Release|x86.Build.0 = Release|Win32
		{7376EDA4-EB69-4934-8081-C3175626784A}.Debug|x64.ActiveCfg = Debug|x64
		{7376EDA4-EB69-4934-8081-C3175626784A}.Debug|x64.Build.0 = Debug|x64
		{7376EDA4-EB69-4934-8081-C3175626784A}.Debug|x86.ActiveCfg = Debug|Win32
		{7376EDA4-EB69-4934-8081-C3175626784A}.Debug|x86.Build.0 = Debug|Win32
		{7376EDA4-EB69-4934-8081-C3175626784A}.Release|x64.ActiveCfg = Release|x64
		{7376EDA4-EB69-4934-8081-C3175626784A}.Release|x64.Build.0 = Release|x64
		{7376EDA4-EB69-4934-8081-C3175626784A}.Release|x86.ActiveCfg = Release|Win32
		{7376EDA4-EB69-4934-8081-C3175626784A}.Release|x86.Build.0 = Release|Win32
		{762742B4-9189-4D16-AB3B-C79A57E88629}.Debug|x64.ActiveCfg = Debug|x64
		{762742B4-9189-4D16-AB3B-C79A57E88629}.Debug|x64.Build.0 = Debug|x64
		{762742B4-9189-4D16-AB3B-C79A57E88629}.Debug|x86.ActiveCfg = Debug|Win32
		{762742B4-9189-4D16-AB3B-C79A57E88629}.Debug|x86.Build.0 = Debug|Win32
		{762742B4-9189-4D16-AB3B-C79A57E88629}.Release|x64.ActiveCfg = Release|x64
		{762742B4-9189-4D16-AB3B-C79A57E88629}.Release|x64.Build.0 = Release|x64
		{762742B4-9189-4D16-AB3B-C79A57E88629}.Release|x86.ActiveCfg = Release|Win32
		{762742B4-9189-4D16-AB3B-C79A57E88629}.Release|x86.Build.0 = Release|Win32
		{EEB956C0-0F4D-4392-BBCE-DF4EF5B01A24}.Debug|x64.ActiveCfg = Debug|x64
		{EEB956C0-0F4D-4392-BBCE-DF4EF5B01A24}.Debug|x64.Build.0 = Debug|x64
		{EEB956C0-0F4D-4392-BBCE-DF4EF5B01A24}.Debug|x86.ActiveCfg = Debug|Win32
		{EEB956C0-0F4D-4392-BBCE-DF4EF5B01A24}.Debug|x86.Build.0 = Debug|Win32
		{EEB956C0-0F4D-4392-BBCE-DF4EF5B01A24}.Release|x64.ActiveCfg = Release|x64
		{EEB956C0-0F4D-4392-BBCE-DF4EF5B01A24}.Release|x64.Build.0 = Release|x64
		{EEB956C0-0F4D-4392-BBCE-DF4EF5B01A24}.Release|x86.ActiveCfg = Release|Win32
		{EEB956C0-0F4D-4392-BBCE-DF4EF5B01A24}.Release|x86.Build.0 = Release|Win32
		{AAAB233F-D039-4D42-96A9-10648A011401}.Debug|x64.ActiveCfg = Debug|x64
		{AAAB233F-D039-4D42-96A9-10648A011401}.Debug|x64.Build.0 = Debug|x64
		{AAAB233F-D039-4D42-96A9-10648A011401}.Debug|x86.ActiveCfg = Debug|Win32
		{AAAB233F-D039-4D42-96A9-10648A011401}.Debug|x86.Build.0 = Debug|Win32
		{AAAB233F-D039-4D42-96A9-10648A011401}.Release|x64.ActiveCfg = Release|x64
		{AAAB233F-D039-4D42-96A9-10648A011401}.Release|x64.Build.0 = Release|x64
		{AAAB233F-D039-4D42-96A9-10648A011401}.Release|x86.ActiveCfg = Release|Win32
		{AAAB233F-D039-4D42-96A9-10648A011401}.Release|x86.Build.0 = Release|Win32
		{F1426DE0-B14E-4215-A816-798E3389E9CD}.Debug|x64.ActiveCfg = Debug|x64
		{F1426DE0-B14E-4215-A816-798E3389E9CD}.Debug|x64.Build.0 = Debug|x64
		{F1426DE0-B14E-4215-A816-798E3389E9CD}.Debug|x86.ActiveCfg = Debug|Win32
		{F1426DE0-B14E-4215-A816-798E3389E9CD}.Debug|x86.Build.0 = Debug|Win32
		{F1426DE0-B14E-4215-A816-798E3389E9CD}.Release|x64.ActiveCfg = Release|x64
		{F1426DE0-B14E-4215-A816-798E3389E9CD}.Release|x64.Build.0 = Release|x64
		{F1426DE0-B14E-4215-A816-798E3389E9CD}.Release|x86.ActiveCfg = Release|Win32
		{F1426DE0-B14E-4215-A816-798E3389E9CD}.Release|x86.Build.0 = Release|Win32
		{6F415196-FFC7-4F71-A633-77E49D34B765}.Debug|x64.ActiveCfg = Debug|x64
		{6F415196-FFC7-4F71-A633-77E49D34B765}.Debug|x64.Build.0 = Debug|x64
		{6F415196-FFC7-4F71-A633-77E49D34B765}.Debug|x86.ActiveCfg = Debug|Win32
		{6F415196-FFC7-4F71-A633-77E49D34B765}.Debug|x86.Build.0 = Debug|Win32
		{6F415196-FFC7-4F71-A633-77E49D34B765}.Release|x64.ActiveCfg = Release|x64
		{6F415196-FFC7-4F71-A633-77E49D34B765}.Release|x64.Build.0 = Release|x64
		{6F415196-FFC7-4F71-A633-77E49D34B765}.Release|x86.ActiveCfg = Release|Win32
		{6F415196-FFC7-4F71-A633-77E49D34B765}.Release|x86.Build.0 = Release|Win32
		{EF4EDB3F-47BE-4FCB-8984-C348939E7706}.Debug|x64.ActiveCfg = Debug|x64
		{EF4EDB3F-47BE-4FCB-8984-C348939E7706}.Debug|x64.Build.0 = Debug|x64
		{EF4EDB3F-47BE-4FCB-8984-C348939E7706}.Debug|x86.ActiveCfg = Debug|Win32
		{EF4EDB3F-47BE-4FCB-8984-C348939E7706}.Debug|x86.Build.0 = Debug|Win32
		{EF4EDB3F-47BE-4FCB-8984-C348939E7706}.Release|x64.ActiveCfg = Release|x64
		{EF4EDB3F-47BE-4FCB-8984-C348939E7706}.Release|x64.Build.0 = Release|x64
		{EF4EDB3F-47BE-4FCB-8984-C348939E7706}.Release|x86.ActiveCfg = Release|Win32
		{EF4EDB3F-47BE-4FCB-8984-C348939E7706}.Release|x86.Build.0 = Release|Win32
		{27CA0DC6-9884-49B7-8F71-4B94ABB8CAE6}.Debug|x64.ActiveCfg = Debug|x64
		{27CA0DC6-9884-49B7-8F71-4B94ABB8CAE6}.Debug|x64.Build.0 = Debug|x64
		{27CA0DC6-9884-49B7-8F71-4B94ABB8CAE6}.Debug|x86.ActiveCfg = Debug|Win32
		{27CA0DC6-9884-49B7-8F71-4B94ABB8CAE6}.Debug|x86.Build.0 = Debug|Win32
		{27CA0DC6-9884-49B7-8F71-4B94ABB8CAE6}.Release|x64.ActiveCfg = Release|x64
		{27CA0DC6-9884-49B7-8F71-4B94ABB8CAE6}.Release|x64.Build.0 = Release|x64
		{27CA0DC6-9884-49B7-8F71-4B94ABB8CAE6}.Release|x86.ActiveCfg = Release|Win32
		{27CA0DC6-9884-49B7-8F71-4B94ABB8CAE6}.Release|x86.Build.0 = Release|Win32
		{3870F5C0-AB5A-49ED-AA22-0855FFE23F41}.Debug|x64.ActiveCfg = Debug|x64
		{3870F5C0-AB5A-49ED-AA22-0855FFE23F41}.Debug|x64.Build.0 = Debug|x64
		{3870F5C0-AB5A-49ED-AA22-0855FFE23F41}.Debug|x86.ActiveCfg = Debug|Win32
		{3870F5C0-AB5A-49ED-AA22-0855FFE23F41}.Debug|x86.Build.0 = Debug|Win32
		{3870F5C0-AB5A-49ED-AA22-0855FFE23F41}.Release|x64.ActiveCfg = Release|x64
		{3870F5C0-AB5A-49ED-AA22-0855FFE23F41}.Release|x64.Build.0 = Release|x64
		{3870F5C0-AB5A-49ED-AA22-0855FFE23F41}.Release|x86.ActiveCfg = Release|Win32
		{3870F5C0-AB5A-49ED-AA22-0855FFE23F41}.Release|x86.Build.0 = Release|Win32
		{57A6F3B4-B16F-485F-A7F7-D7D999866FC1}.Debug|x64.ActiveCfg = Debug|x64
		{57A6F3B4-B16F-485F-A7F7-D7D999866FC1}.Debug|x64.Build.0 = Debug|x64
		{57A6F3B4-B16F-485F-A7F7-D7D999866FC1}.Debug|x86.ActiveCfg = Debug|Win32
		{57A6F3B4-B16F-485F-A7F7-D7D999866FC1}.Debug|x86.Build.0 = Debug|Win32
		{57A6F3B4-B16F-485F-A7F7-D7D999866FC1}.Release|x64.ActiveCfg = Release|x64
		{57A6F3B4-B16F-485F-A7F7-D7D999866FC1}.Release|x64.Build.0 = Release|x64
		{57A6F3B4-B16F-485F-A7F7-D7D999866FC1}.Release|x86.ActiveCfg = Release|Win32
		{57A6F3B4-B16F-485F-A7F7-D7D999866FC1}.Release|x86.Build.0 = Release|Win32
		{2EC537BC-785E-4FF0-8083-7E3AD6CA41AC}.Debug|x64.ActiveCfg = Debug|x64
		{2EC537BC-785E-4FF0-8083-7E3AD6CA41AC}.Debug|x64.Build.0 = Debug|x64
		{2EC537BC-785E-4FF0-8083-7E3AD6CA41AC}.Debug|x86.ActiveCfg = Debug|Win32
		{2EC537BC-785E-4FF0-8083-7E3AD6CA41AC}.Debug|x86.Build.0 = Debug|Win32
		{2EC537BC-785E-4FF0-8083-7E3AD6CA41AC}.Release|x64.ActiveCfg = Release|x64
		{2EC537BC-785E-4FF0-8083-7E3AD6CA41AC}.Release|x64.Build.0 = Release|x64
		{2EC537BC-785E-4FF0-8083-7E3AD6CA41AC}.Release|x86.ActiveCfg = Release|Win32
		{2EC537BC-785E-4FF0-8083-7E3AD6CA41AC}.Release|x86.Build.0 = Release|Win32
		{8CDA7F97-4D39-4E8C-9049-0313117AAC18}.Debug|x64.ActiveCfg = Debug|x64
		{8CDA7F97-4D39-4E8C-9049-0313117AAC18}.Debug|x64.Build.0 = Debug|x64
		{8CDA7F97-4D39-4E8C-9049-0313117AAC18}.Debug|x86.ActiveCfg = Debug|Win32
		{8CDA7F97-4D39-4E8C-9049-0313117AAC18}.Debug|x86.Build.0 = Debug|Win32
		{8CDA7F97-4D39-4E8C-9049-0313117AAC18}.Release|x64.ActiveCfg = Release|x64
		{8CDA7F97-4D39-4E8C-9049-0313117AAC18}.Release|x64.Build.0 = Release|x64
		{8CDA7F97-4D39-4E8C-9049-0313117AAC18}.Release|x86.ActiveCfg = Release|Win32
		{8CDA7F97-4D39-4E8C-9049-0313117AAC18}.Release|x86.Build.0 = Release|Win32
		{D21CDDDF-B810-4CC0-9616-5F48BE1029C2}.Debug|x64.ActiveCfg = Debug|x64
		{D21CDDDF-B810-4CC0-9616-5F48BE1029C2}.Debug|x64.Build.0 = Debug|x64
		{D21CDDDF-B810-4CC0-9616-5F48BE1029C2}.Debug|x86.ActiveCfg = Debug|Win32
		{D21CDDDF-B810-4CC0-9616-5F48BE1029C2}.Debug|x86.Build.0 = Debug|Win32
		{D21CDDDF-B810-4CC0-9616-5F48BE1029C2}.Release|x64.ActiveCfg = Release|x64
		{D21CDDDF-B810-4CC0-9616-5F48BE1029C2}.Release|x64.Build.0 = Release|x64
		{D21CDDDF-B810-4CC0-9616-5F48BE1029C2}.Release|x86.ActiveCfg = Release|Win32
		{D21CDDDF-B810-4CC0-9616-5F48BE1029C2}.Release|x86.Build.0 = Release|Win32
		{A35A1E1A-1D98-4856-BB2C-D6545B2AE68D}.Debug|x64.ActiveCfg = Debug|x64
		{A35A1E1A-1D98-4856-BB2C-D6545B2AE68D}.Debug|x64.Build.0 = Debug|x64
		{A35A1E1A-1D98-4856-BB2C-D6545B2AE68D}.Debug|x86.ActiveCfg = Debug|Win32
		{A35A1E1A-1D98-4856-BB2C-D6545B2AE68D}.Debug|x86.Build.0 = Debug|Win32
		{A35A1E1A-1D98-4856-BB2C-D6545B2AE68D}.Release|x64.ActiveCfg = Release|x64
		{A35A1E1A-1D98-4856-BB2C-D6545B2AE68D}.Release|x64.Build.0 = Release|x64
		{A35A1E1A-1D98-4856-BB2C-D6545B2AE68D}.Release|x86.ActiveCfg = Release|Win32
		{A35A1E1A-1D98-4856-BB2C-D6545B2AE68D}.Release|x86.Build.0 = Release|Win32
		{AB710B2A-618D-45CF-BD42-59AF7FA174F8}.Debug|x64.ActiveCfg = Debug|x64
		{AB710B2A-618D-45CF-BD42-59AF7FA174F8}.Debug|x64.Build.0 = Debug|x64
		{AB710B2A-618D-45CF-BD42-59AF7FA174F8}.Debug|x86.ActiveCfg = Debug|Win32
		{AB710B2A-618D-45CF-BD42-59AF7FA174F8}.Debug|x86.Build.0 = Debug|Win32
		{AB710B2A-618D-45CF-BD42-59AF7FA174F8}.Release|x64.ActiveCfg = Release|x64
		{AB710B2A-618D-45CF-BD42-59AF7FA174F8}.Release|x64.Build.0 = Release|x64
		{AB710B2A-618D-45CF-BD42-59AF7FA174F8}.Release|x86.ActiveCfg = Release|Win32
		{AB710B2A-618D-45CF-BD42-59AF7FA174F8}.Release|x86.Build.0 = Release|Win32
		{6DAAD773-2C69-4C27-9A57-15D3EE116B41}.Debug|x64.ActiveCfg = Debug|x64
		{6DAAD773-2C69-4C27-9A57-15D3EE116B41}.Debug|x64.Build.0 = Debug|x64
		{6DAAD773-2C69-4C27-9A57-15D3EE116B41}.Debug|x86.ActiveCfg = Debug|Win32
		{6DAAD773-2C69-4C27-9A57-15D3EE116B41}.Debug|x86.Build.0 = Debug|Win32
		{6DAAD773-2C69-4C27-9A57-15D3EE116B41}.Release|x64.ActiveCfg = Release|x64
		{6DAAD773-2C69-4C27-9A57-15D3EE116B41}.Release|x64.Build.0 = Release|x64
		{6DAAD773-2C69-4C27-9A57-15D3EE116B41}.Release|x86.ActiveCfg = Release|Win32
		{6DAAD773-2C69-4C27-9A57-15D3EE116B41}.Release|x86.Build.0 = Release|Win32
	EndGlobalSection
	GlobalSection(SolutionProperties) = preSolution
		HideSolutionNode = FALSE
	EndGlobalSection
EndGlobal
