
Microsoft Visual Studio Solution File, Format Version 12.00
# Visual Studio 14
VisualStudioVersion = 14.0.25420.1
MinimumVisualStudioVersion = 10.0.40219.1
Project("{8BC9CEB8-8B4A-11D0-8D11-00A0C91BC942}") = "MatrixMultiplication", "MatrixMultiplication\MatrixMultiplication.vcxproj", "{73E2D04A-AB48-446C-BC83-DCD0D42C7E90}"
EndProject
Project("{8BC9CEB8-8B4A-11D0-8D11-00A0C91BC942}") = "FloydAlgorithm", "FloydAlgorithm\FloydAlgorithm.vcxproj", "{F88E3216-D605-4683-AF5A-6B00BD3634C5}"
EndProject
Project("{8BC9CEB8-8B4A-11D0-8D11-00A0C91BC942}") = "ChainedMatrixMultiplication", "ChainedMatrixMultiplication\ChainedMatrixMultiplication.vcxproj", "{A2E4BE42-F536-4646-A82D-B53C5CD9C6D1}"
EndProject
Project("{8BC9CEB8-8B4A-11D0-8D11-00A0C91BC942}") = "OptimalBinarySearchTree", "OptimalBinarySearchTree\OptimalBinarySearchTree.vcxproj", "{901F4758-356A-4A72-AD80-1F7599753403}"
EndProject
Project("{8BC9CEB8-8B4A-11D0-8D11-00A0C91BC942}") = "binomial", "binomial\binomial.vcxproj", "{C1562024-5221-45A9-9EF6-03271C597774}"
EndProject
Project("{8BC9CEB8-8B4A-11D0-8D11-00A0C91BC942}") = "Kruskal(dataStructure1)", "Kruskal\Kruskal.vcxproj", "{B0D1B51E-D91C-4734-8CE7-28D383032354}"
EndProject
Project("{8BC9CEB8-8B4A-11D0-8D11-00A0C91BC942}") = "Kruskal(dataStructure2)", "Kruskal(dataStructure2)\Kruskal(dataStructure2).vcxproj", "{4A02F357-83E6-46E6-8427-990572989BBA}"
EndProject
Project("{8BC9CEB8-8B4A-11D0-8D11-00A0C91BC942}") = "Fibonacci(notUseArray)", "Fibonacci(notUseArray)\Fibonacci(notUseArray).vcxproj", "{7376EDA4-EB69-4934-8081-C3175626784A}"
EndProject
Project("{8BC9CEB8-8B4A-11D0-8D11-00A0C91BC942}") = "SumOfSubset", "SumOfSubset\SumOfSubset.vcxproj", "{762742B4-9189-4D16-AB3B-C79A57E88629}"
EndProject
Project("{8BC9CEB8-8B4A-11D0-8D11-00A0C91BC942}") = "Prim", "Prim\Prim.vcxproj", "{EEB956C0-0F4D-4392-BBCE-DF4EF5B01A24}"
EndProject
Project("{8BC9CEB8-8B4A-11D0-8D11-00A0C91BC942}") = "Dijkstra", "Dijkstra\Dijkstra.vcxproj", "{AAAB233F-D039-4D42-96A9-10648A011401}"
EndProject
Project("{8BC9CEB8-8B4A-11D0-8D11-00A0C91BC942}") = "stlVectorExercise", "stlVectorExercise\stlVectorExercise.vcxproj", "{F1426DE0-B14E-4215-A816-798E3389E9CD}"
EndProject
Global
	GlobalSection(SolutionConfigurationPlatforms) = preSolution
		Debug|x64 = Debug|x64
		Debug|x86 = Debug|x86
		Release|x64 = Release|x64
		Release|x86 = Release|x86
	EndGlobalSection
	GlobalSection(ProjectConfigurationPlatforms) = postSolution
		{73E2D04A-AB48-446C-BC83-DCD0D42C7E90}.Debug|x64.ActiveCfg = Debug|x64
		{73E2D04A-AB48-446C-BC83-DCD0D42C7E90}.Debug|x64.Build.0 = Debug|x64
		{73E2D04A-AB48-446C-BC83-DCD0D42C7E90}.Debug|x86.ActiveCfg = Debug|Win32
		{73E2D04A-AB48-446C-BC83-DCD0D42C7E90}.Debug|x86.Build.0 = Debug|Win32
		{73E2D04A-AB48-446C-BC83-DCD0D42C7E90}.Release|x64.ActiveCfg = Release|x64
		{73E2D04A-AB48-446C-BC83-DCD0D42C7E90}.Release|x64.Build.0 = Release|x64
		{73E2D04A-AB48-446C-BC83-DCD0D42C7E90}.Release|x86.ActiveCfg = Release|Win32
		{73E2D04A-AB48-446C-BC83-DCD0D42C7E90}.Release|x86.Build.0 = Release|Win32
		{F88E3216-D605-4683-AF5A-6B00BD3634C5}.Debug|x64.ActiveCfg = Debug|x64
		{F88E3216-D605-4683-AF5A-6B00BD3634C5}.Debug|x64.Build.0 = Debug|x64
		{F88E3216-D605-4683-AF5A-6B00BD3634C5}.Debug|x86.ActiveCfg = Debug|Win32
		{F88E3216-D605-4683-AF5A-6B00BD3634C5}.Debug|x86.Build.0 = Debug|Win32
		{F88E3216-D605-4683-AF5A-6B00BD3634C5}.Release|x64.ActiveCfg = Release|x64
		{F88E3216-D605-4683-AF5A-6B00BD3634C5}.Release|x64.Build.0 = Release|x64
		{F88E3216-D605-4683-AF5A-6B00BD3634C5}.Release|x86.ActiveCfg = Release|Win32
		{F88E3216-D605-4683-AF5A-6B00BD3634C5}.Release|x86.Build.0 = Release|Win32
		{A2E4BE42-F536-4646-A82D-B53C5CD9C6D1}.Debug|x64.ActiveCfg = Debug|x64
		{A2E4BE42-F536-4646-A82D-B53C5CD9C6D1}.Debug|x64.Build.0 = Debug|x64
		{A2E4BE42-F536-4646-A82D-B53C5CD9C6D1}.Debug|x86.ActiveCfg = Debug|Win32
		{A2E4BE42-F536-4646-A82D-B53C5CD9C6D1}.Debug|x86.Build.0 = Debug|Win32
		{A2E4BE42-F536-4646-A82D-B53C5CD9C6D1}.Release|x64.ActiveCfg = Release|x64
		{A2E4BE42-F536-4646-A82D-B53C5CD9C6D1}.Release|x64.Build.0 = Release|x64
		{A2E4BE42-F536-4646-A82D-B53C5CD9C6D1}.Release|x86.ActiveCfg = Release|Win32
		{A2E4BE42-F536-4646-A82D-B53C5CD9C6D1}.Release|x86.Build.0 = Release|Win32
		{901F4758-356A-4A72-AD80-1F7599753403}.Debug|x64.ActiveCfg = Debug|x64
		{901F4758-356A-4A72-AD80-1F7599753403}.Debug|x64.Build.0 = Debug|x64
		{901F4758-356A-4A72-AD80-1F7599753403}.Debug|x86.ActiveCfg = Debug|Win32
		{901F4758-356A-4A72-AD80-1F7599753403}.Debug|x86.Build.0 = Debug|Win32
		{901F4758-356A-4A72-AD80-1F7599753403}.Release|x64.ActiveCfg = Release|x64
		{901F4758-356A-4A72-AD80-1F7599753403}.Release|x64.Build.0 = Release|x64
		{901F4758-356A-4A72-AD80-1F7599753403}.Release|x86.ActiveCfg = Release|Win32
		{901F4758-356A-4A72-AD80-1F7599753403}.Release|x86.Build.0 = Release|Win32
		{C1562024-5221-45A9-9EF6-03271C597774}.Debug|x64.ActiveCfg = Debug|x64
		{C1562024-5221-45A9-9EF6-03271C597774}.Debug|x64.Build.0 = Debug|x64
		{C1562024-5221-45A9-9EF6-03271C597774}.Debug|x86.ActiveCfg = Debug|Win32
		{C1562024-5221-45A9-9EF6-03271C597774}.Debug|x86.Build.0 = Debug|Win32
		{C1562024-5221-45A9-9EF6-03271C597774}.Release|x64.ActiveCfg = Release|x64
		{C1562024-5221-45A9-9EF6-03271C597774}.Release|x64.Build.0 = Release|x64
		{C1562024-5221-45A9-9EF6-03271C597774}.Release|x86.ActiveCfg = Release|Win32
		{C1562024-5221-45A9-9EF6-03271C597774}.Release|x86.Build.0 = Release|Win32
		{B0D1B51E-D91C-4734-8CE7-28D383032354}.Debug|x64.ActiveCfg = Debug|x64
		{B0D1B51E-D91C-4734-8CE7-28D383032354}.Debug|x64.Build.0 = Debug|x64
		{B0D1B51E-D91C-4734-8CE7-28D383032354}.Debug|x86.ActiveCfg = Debug|Win32
		{B0D1B51E-D91C-4734-8CE7-28D383032354}.Debug|x86.Build.0 = Debug|Win32
		{B0D1B51E-D91C-4734-8CE7-28D383032354}.Release|x64.ActiveCfg = Release|x64
		{B0D1B51E-D91C-4734-8CE7-28D383032354}.Release|x64.Build.0 = Release|x64
		{B0D1B51E-D91C-4734-8CE7-28D383032354}.Release|x86.ActiveCfg = Release|Win32
		{B0D1B51E-D91C-4734-8CE7-28D383032354}.Release|x86.Build.0 = Release|Win32
		{4A02F357-83E6-46E6-8427-990572989BBA}.Debug|x64.ActiveCfg = Debug|x64
		{4A02F357-83E6-46E6-8427-990572989BBA}.Debug|x64.Build.0 = Debug|x64
		{4A02F357-83E6-46E6-8427-990572989BBA}.Debug|x86.ActiveCfg = Debug|Win32
		{4A02F357-83E6-46E6-8427-990572989BBA}.Debug|x86.Build.0 = Debug|Win32
		{4A02F357-83E6-46E6-8427-990572989BBA}.Release|x64.ActiveCfg = Release|x64
		{4A02F357-83E6-46E6-8427-990572989BBA}.Release|x64.Build.0 = Release|x64
		{4A02F357-83E6-46E6-8427-990572989BBA}.Release|x86.ActiveCfg = Release|Win32
		{4A02F357-83E6-46E6-8427-990572989BBA}.Release|x86.Build.0 = Release|Win32
		{7376EDA4-EB69-4934-8081-C3175626784A}.Debug|x64.ActiveCfg = Debug|x64
		{7376EDA4-EB69-4934-8081-C3175626784A}.Debug|x64.Build.0 = Debug|x64
		{7376EDA4-EB69-4934-8081-C3175626784A}.Debug|x86.ActiveCfg = Debug|Win32
		{7376EDA4-EB69-4934-8081-C3175626784A}.Debug|x86.Build.0 = Debug|Win32
		{7376EDA4-EB69-4934-8081-C3175626784A}.Release|x64.ActiveCfg = Release|x64
		{7376EDA4-EB69-4934-8081-C3175626784A}.Release|x64.Build.0 = Release|x64
		{7376EDA4-EB69-4934-8081-C3175626784A}.Release|x86.ActiveCfg = Release|Win32
		{7376EDA4-EB69-4934-8081-C3175626784A}.Release|x86.Build.0 = Release|Win32
		{762742B4-9189-4D16-AB3B-C79A57E88629}.Debug|x64.ActiveCfg = Debug|x64
		{762742B4-9189-4D16-AB3B-C79A57E88629}.Debug|x64.Build.0 = Debug|x64
		{762742B4-9189-4D16-AB3B-C79A57E88629}.Debug|x86.ActiveCfg = Debug|Win32
		{762742B4-9189-4D16-AB3B-C79A57E88629}.Debug|x86.Build.0 = Debug|Win32
		{762742B4-9189-4D16-AB3B-C79A57E88629}.Release|x64.ActiveCfg = Release|x64
		{762742B4-9189-4D16-AB3B-C79A57E88629}.Release|x64.Build.0 = Release|x64
		{762742B4-9189-4D16-AB3B-C79A57E88629}.Release|x86.ActiveCfg = Release|Win32
		{762742B4-9189-4D16-AB3B-C79A57E88629}.Release|x86.Build.0 = Release|Win32
		{EEB956C0-0F4D-4392-BBCE-DF4EF5B01A24}.Debug|x64.ActiveCfg = Debug|x64
		{EEB956C0-0F4D-4392-BBCE-DF4EF5B01A24}.Debug|x64.Build.0 = Debug|x64
		{EEB956C0-0F4D-4392-BBCE-DF4EF5B01A24}.Debug|x86.ActiveCfg = Debug|Win32
		{EEB956C0-0F4D-4392-BBCE-DF4EF5B01A24}.Debug|x86.Build.0 = Debug|Win32
		{EEB956C0-0F4D-4392-BBCE-DF4EF5B01A24}.Release|x64.ActiveCfg = Release|x64
		{EEB956C0-0F4D-4392-BBCE-DF4EF5B01A24}.Release|x64.Build.0 = Release|x64
		{EEB956C0-0F4D-4392-BBCE-DF4EF5B01A24}.Release|x86.ActiveCfg = Release|Win32
		{EEB956C0-0F4D-4392-BBCE-DF4EF5B01A24}.Release|x86.Build.0 = Release|Win32
		{AAAB233F-D039-4D42-96A9-10648A011401}.Debug|x64.ActiveCfg = Debug|x64
		{AAAB233F-D039-4D42-96A9-10648A011401}.Debug|x64.Build.0 = Debug|x64
		{AAAB233F-D039-4D42-96A9-10648A011401}.Debug|x86.ActiveCfg = Debug|Win32
		{AAAB233F-D039-4D42-96A9-10648A011401}.Debug|x86.Build.0 = Debug|Win32
		{AAAB233F-D039-4D42-96A9-10648A011401}.Release|x64.ActiveCfg = Release|x64
		{AAAB233F-D039-4D42-96A9-10648A011401}.Release|x64.Build.0 = Release|x64
		{AAAB233F-D039-4D42-96A9-10648A011401}.Release|x86.ActiveCfg = Release|Win32
		{AAAB233F-D039-4D42-96A9-10648A011401}.Release|x86.Build.0 = Release|Win32
		{F1426DE0-B14E-4215-A816-798E3389E9CD}.Debug|x64.ActiveCfg = Debug|x64
		{F1426DE0-B14E-4215-A816-798E3389E9CD}.Debug|x64.Build.0 = Debug|x64
		{F1426DE0-B14E-4215-A816-798E3389E9CD}.Debug|x86.ActiveCfg = Debug|Win32
		{F1426DE0-B14E-4215-A816-798E3389E9CD}.Debug|x86.Build.0 = Debug|Win32
		{F1426DE0-B14E-4215-A816-798E3389E9CD}.Release|x64.ActiveCfg = Release|x64
		{F1426DE0-B14E-4215-A816-798E3389E9CD}.Release|x64.Build.0 = Release|x64
		{F1426DE0-B14E-4215-A816-798E3389E9CD}.Release|x86.ActiveCfg = Release|Win32
		{F1426DE0-B14E-4215-A816-798E3389E9CD}.Release|x86.Build.0 = Release|Win32
	EndGlobalSection
	GlobalSection(SolutionProperties) = preSolution
		HideSolutionNode = FALSE
	EndGlobalSection
EndGlobal
